// !$*UTF8*$!
{
	archiveVersion = 1;
	classes = {
	};
	objectVersion = 54;
	objects = {

/* Begin PBXBuildFile section */
		4DFC349DC0415089F7109928 /* Pods_GolfPSTests.framework in Frameworks */ = {isa = PBXBuildFile; fileRef = 3891515CEDD537A21F4C7191 /* Pods_GolfPSTests.framework */; };
		8904F344208E548900B9CCE5 /* Course.swift in Sources */ = {isa = PBXBuildFile; fileRef = 8904F343208E548900B9CCE5 /* Course.swift */; };
		8904F347208E555700B9CCE5 /* Hole.swift in Sources */ = {isa = PBXBuildFile; fileRef = 8904F346208E555700B9CCE5 /* Hole.swift */; };
		8904F349208E705800B9CCE5 /* ClubTools.swift in Sources */ = {isa = PBXBuildFile; fileRef = 8904F348208E705800B9CCE5 /* ClubTools.swift */; };
		8906414322B941B4006AFDC8 /* SettingsTableViewController.swift in Sources */ = {isa = PBXBuildFile; fileRef = 8906414222B941B4006AFDC8 /* SettingsTableViewController.swift */; };
		8915E6602088F8C800A20258 /* AppDelegate.swift in Sources */ = {isa = PBXBuildFile; fileRef = 8915E65F2088F8C800A20258 /* AppDelegate.swift */; };
		8915E6622088F8C800A20258 /* CourseMapViewController.swift in Sources */ = {isa = PBXBuildFile; fileRef = 8915E6612088F8C800A20258 /* CourseMapViewController.swift */; };
		8915E6652088F8C800A20258 /* Main.storyboard in Resources */ = {isa = PBXBuildFile; fileRef = 8915E6632088F8C800A20258 /* Main.storyboard */; };
		8915E66A2088F8CA00A20258 /* LaunchScreen.storyboard in Resources */ = {isa = PBXBuildFile; fileRef = 8915E6682088F8CA00A20258 /* LaunchScreen.storyboard */; };
		8915E6742088F9AE00A20258 /* Podfile in Resources */ = {isa = PBXBuildFile; fileRef = 8915E6732088F9AE00A20258 /* Podfile */; };
		8915E6762088FB6700A20258 /* GoogleMapViewController.swift in Sources */ = {isa = PBXBuildFile; fileRef = 8915E6752088FB6700A20258 /* GoogleMapViewController.swift */; };
		8915E67A208A2FE300A20258 /* CourseTableViewCell.swift in Sources */ = {isa = PBXBuildFile; fileRef = 8915E679208A2FE300A20258 /* CourseTableViewCell.swift */; };
		8915E67C208A300C00A20258 /* CoursePickerTableViewController.swift in Sources */ = {isa = PBXBuildFile; fileRef = 8915E67B208A300C00A20258 /* CoursePickerTableViewController.swift */; };
		8915E681208A330F00A20258 /* CourseSelectionViewController.swift in Sources */ = {isa = PBXBuildFile; fileRef = 8915E680208A330F00A20258 /* CourseSelectionViewController.swift */; };
		8923B5A7216E8CF900CBC9E3 /* Assets.xcassets in Resources */ = {isa = PBXBuildFile; fileRef = 8923B5A6216E8CF900CBC9E3 /* Assets.xcassets */; };
		895C0AEF253F647F002B189B /* Bag.swift in Sources */ = {isa = PBXBuildFile; fileRef = 895C0AEE253F647F002B189B /* Bag.swift */; };
		896856CD253C9AC600EB3FE6 /* ViewX.swift in Sources */ = {isa = PBXBuildFile; fileRef = 896D147622A6D19B00873D15 /* ViewX.swift */; };
		896856D2253C9CB300EB3FE6 /* AddClubViewController.swift in Sources */ = {isa = PBXBuildFile; fileRef = 896856D1253C9CB300EB3FE6 /* AddClubViewController.swift */; };
		896856D7253C9F8D00EB3FE6 /* BaseKeyboardViewController.swift in Sources */ = {isa = PBXBuildFile; fileRef = 896856D6253C9F8D00EB3FE6 /* BaseKeyboardViewController.swift */; };
		896D147422A5A0FE00873D15 /* AppSingleton.swift in Sources */ = {isa = PBXBuildFile; fileRef = 896D147322A5A0FE00873D15 /* AppSingleton.swift */; };
		896D147822A6D1A200873D15 /* ImageViewX.swift in Sources */ = {isa = PBXBuildFile; fileRef = 896D147722A6D1A200873D15 /* ImageViewX.swift */; };
		896D147A22A6D1AA00873D15 /* TextFieldX.swift in Sources */ = {isa = PBXBuildFile; fileRef = 896D147922A6D1AA00873D15 /* TextFieldX.swift */; };
		896D147C22A6D1AC00873D15 /* ButtonX.swift in Sources */ = {isa = PBXBuildFile; fileRef = 896D147B22A6D1AC00873D15 /* ButtonX.swift */; };
		896D147E22A6D1B500873D15 /* Emitter.swift in Sources */ = {isa = PBXBuildFile; fileRef = 896D147D22A6D1B500873D15 /* Emitter.swift */; };
		896D148022A6D1BC00873D15 /* DottedLine.swift in Sources */ = {isa = PBXBuildFile; fileRef = 896D147F22A6D1BB00873D15 /* DottedLine.swift */; };
		896D148422A6D1D300873D15 /* GradientLabel.swift in Sources */ = {isa = PBXBuildFile; fileRef = 896D148322A6D1D300873D15 /* GradientLabel.swift */; };
		89726002245B3B2C00A85FEE /* Interface.storyboard in Resources */ = {isa = PBXBuildFile; fileRef = 89726000245B3B2C00A85FEE /* Interface.storyboard */; };
		89726004245B3B2E00A85FEE /* Assets.xcassets in Resources */ = {isa = PBXBuildFile; fileRef = 89726003245B3B2E00A85FEE /* Assets.xcassets */; };
		8972600B245B3B2E00A85FEE /* GolfPS Companion Extension.appex in Embed Foundation Extensions */ = {isa = PBXBuildFile; fileRef = 8972600A245B3B2E00A85FEE /* GolfPS Companion Extension.appex */; settings = {ATTRIBUTES = (RemoveHeadersOnCopy, ); }; };
		89726010245B3B2E00A85FEE /* InterfaceController.swift in Sources */ = {isa = PBXBuildFile; fileRef = 8972600F245B3B2E00A85FEE /* InterfaceController.swift */; };
		89726012245B3B2E00A85FEE /* ExtensionDelegate.swift in Sources */ = {isa = PBXBuildFile; fileRef = 89726011245B3B2E00A85FEE /* ExtensionDelegate.swift */; };
		89726014245B3B2E00A85FEE /* NotificationController.swift in Sources */ = {isa = PBXBuildFile; fileRef = 89726013245B3B2E00A85FEE /* NotificationController.swift */; };
		89726016245B3B2F00A85FEE /* Assets.xcassets in Resources */ = {isa = PBXBuildFile; fileRef = 89726015245B3B2F00A85FEE /* Assets.xcassets */; };
		8972601B245B3B2F00A85FEE /* GolfPS Companion.app in Embed Watch Content */ = {isa = PBXBuildFile; fileRef = 89725FFE245B3B2C00A85FEE /* GolfPS Companion.app */; settings = {ATTRIBUTES = (RemoveHeadersOnCopy, ); }; };
		8984584122FB50840077BB72 /* CourseTools.swift in Sources */ = {isa = PBXBuildFile; fileRef = 8984584022FB50840077BB72 /* CourseTools.swift */; };
		8986E46F2369C8AC00E76224 /* BadgesViewController.swift in Sources */ = {isa = PBXBuildFile; fileRef = 8986E46E2369C8AC00E76224 /* BadgesViewController.swift */; };
		8986E4722369CA7A00E76224 /* BadgeBlockCollectionViewCell.swift in Sources */ = {isa = PBXBuildFile; fileRef = 8986E4702369CA7900E76224 /* BadgeBlockCollectionViewCell.swift */; };
		8986E4732369CA7A00E76224 /* BadgeDetailViewController.swift in Sources */ = {isa = PBXBuildFile; fileRef = 8986E4712369CA7900E76224 /* BadgeDetailViewController.swift */; };
		8986E4762369CA9C00E76224 /* Badge.swift in Sources */ = {isa = PBXBuildFile; fileRef = 8986E4752369CA9C00E76224 /* Badge.swift */; };
		898C2DA622AC2F5D00C7815A /* LocationUpdateTimer.swift in Sources */ = {isa = PBXBuildFile; fileRef = 898C2DA522AC2F5D00C7815A /* LocationUpdateTimer.swift */; };
		898C2DAA22AC5D6A00C7815A /* Player.swift in Sources */ = {isa = PBXBuildFile; fileRef = 898C2DA922AC5D6A00C7815A /* Player.swift */; };
		898C2DAC22AEB50100C7815A /* PlayerUpdateTimer.swift in Sources */ = {isa = PBXBuildFile; fileRef = 898C2DAB22AEB50000C7815A /* PlayerUpdateTimer.swift */; };
		89996EC1210A5CE200E0E290 /* SettingsViewController.swift in Sources */ = {isa = PBXBuildFile; fileRef = 89996EC0210A5CE200E0E290 /* SettingsViewController.swift */; };
		89996EC4210A5F7B00E0E290 /* RequestViewController.swift in Sources */ = {isa = PBXBuildFile; fileRef = 89996EC3210A5F7B00E0E290 /* RequestViewController.swift */; };
		89B89FF2261E028300BB78D4 /* ShotTools.swift in Sources */ = {isa = PBXBuildFile; fileRef = 89B89FF1261E028300BB78D4 /* ShotTools.swift */; };
		89C32DF720B5F3DB0036C151 /* MyBagViewController.swift in Sources */ = {isa = PBXBuildFile; fileRef = 89C32DF620B5F3DB0036C151 /* MyBagViewController.swift */; };
		89C32DF920B5F3F90036C151 /* ClubTableViewCell.swift in Sources */ = {isa = PBXBuildFile; fileRef = 89C32DF820B5F3F90036C151 /* ClubTableViewCell.swift */; };
		89C32DFB20B5F4400036C151 /* MyBagTableViewController.swift in Sources */ = {isa = PBXBuildFile; fileRef = 89C32DFA20B5F4400036C151 /* MyBagTableViewController.swift */; };
		89C32DFD20B5FCCA0036C151 /* TabParentViewController.swift in Sources */ = {isa = PBXBuildFile; fileRef = 89C32DFC20B5FCCA0036C151 /* TabParentViewController.swift */; };
		89D078BA208ADBD500B97690 /* MapTools.swift in Sources */ = {isa = PBXBuildFile; fileRef = 89D078B9208ADBD500B97690 /* MapTools.swift */; };
		89DFFE4F21E96B9B0096AC3C /* Extensions.swift in Sources */ = {isa = PBXBuildFile; fileRef = 89DFFE4E21E96B9B0096AC3C /* Extensions.swift */; };
		89F474F822B1D6CA007D044A /* Club.swift in Sources */ = {isa = PBXBuildFile; fileRef = 89F474F722B1D6CA007D044A /* Club.swift */; };
		89F49A9F2432837000C0B9A0 /* Colors.xcassets in Resources */ = {isa = PBXBuildFile; fileRef = 89F49A9E2432837000C0B9A0 /* Colors.xcassets */; };
		EE8FE31E1FD7B9FB257C1686 /* Pods_GolfPS.framework in Frameworks */ = {isa = PBXBuildFile; fileRef = 6D22EB7CC0F081B69868738A /* Pods_GolfPS.framework */; };
		F7C02D8F2B8553BA00C6AEE2 /* ApiKeys.plist in Resources */ = {isa = PBXBuildFile; fileRef = F7C02D8E2B8553BA00C6AEE2 /* ApiKeys.plist */; };
		F7C02D922B85591400C6AEE2 /* GoogleService-Info.plist in Resources */ = {isa = PBXBuildFile; fileRef = F7C02D8D2B85537200C6AEE2 /* GoogleService-Info.plist */; };
		F7C02D942B9A6EA200C6AEE2 /* screenshots.sh in Resources */ = {isa = PBXBuildFile; fileRef = F7C02D932B9A6EA200C6AEE2 /* screenshots.sh */; };
		F7C02D962B9A6EB300C6AEE2 /* AppUtility.swift in Sources */ = {isa = PBXBuildFile; fileRef = F7C02D952B9A6EB300C6AEE2 /* AppUtility.swift */; };
		F7C02D982B9A6EDE00C6AEE2 /* DebugLogger.swift in Sources */ = {isa = PBXBuildFile; fileRef = F7C02D972B9A6EDE00C6AEE2 /* DebugLogger.swift */; };
		F7C02DA02B9A723E00C6AEE2 /* GolfPSTests.swift in Sources */ = {isa = PBXBuildFile; fileRef = F7C02D9F2B9A723E00C6AEE2 /* GolfPSTests.swift */; };
		F7C02DA72B9A725400C6AEE2 /* Unit_AssetTests.swift in Sources */ = {isa = PBXBuildFile; fileRef = F7C02DA62B9A725400C6AEE2 /* Unit_AssetTests.swift */; };
		F7C02DA92B9A726300C6AEE2 /* Unit_FirestoreTests.swift in Sources */ = {isa = PBXBuildFile; fileRef = F7C02DA82B9A726300C6AEE2 /* Unit_FirestoreTests.swift */; };
		F7C02DB52B9A728200C6AEE2 /* GolfPSUITestsLaunchTests.swift in Sources */ = {isa = PBXBuildFile; fileRef = F7C02DB42B9A728200C6AEE2 /* GolfPSUITestsLaunchTests.swift */; };
		F7C02DBC2B9A728B00C6AEE2 /* UI_Tests.swift in Sources */ = {isa = PBXBuildFile; fileRef = F7C02DBB2B9A728B00C6AEE2 /* UI_Tests.swift */; };
		F7C02DBE2B9A728D00C6AEE2 /* UI_Screenshots.swift in Sources */ = {isa = PBXBuildFile; fileRef = F7C02DBD2B9A728D00C6AEE2 /* UI_Screenshots.swift */; };
/* End PBXBuildFile section */

/* Begin PBXContainerItemProxy section */
		8972600C245B3B2E00A85FEE /* PBXContainerItemProxy */ = {
			isa = PBXContainerItemProxy;
			containerPortal = 8915E6542088F8C800A20258 /* Project object */;
			proxyType = 1;
			remoteGlobalIDString = 89726009245B3B2E00A85FEE;
			remoteInfo = "GolfPS Companion Extension";
		};
		89726019245B3B2F00A85FEE /* PBXContainerItemProxy */ = {
			isa = PBXContainerItemProxy;
			containerPortal = 8915E6542088F8C800A20258 /* Project object */;
			proxyType = 1;
			remoteGlobalIDString = 89725FFD245B3B2C00A85FEE;
			remoteInfo = "GolfPS Companion";
		};
		F7C02DA12B9A723E00C6AEE2 /* PBXContainerItemProxy */ = {
			isa = PBXContainerItemProxy;
			containerPortal = 8915E6542088F8C800A20258 /* Project object */;
			proxyType = 1;
			remoteGlobalIDString = 8915E65B2088F8C800A20258;
			remoteInfo = GolfPS;
		};
		F7C02DB62B9A728200C6AEE2 /* PBXContainerItemProxy */ = {
			isa = PBXContainerItemProxy;
			containerPortal = 8915E6542088F8C800A20258 /* Project object */;
			proxyType = 1;
			remoteGlobalIDString = 8915E65B2088F8C800A20258;
			remoteInfo = GolfPS;
		};
/* End PBXContainerItemProxy section */

/* Begin PBXCopyFilesBuildPhase section */
		8972601C245B3B2F00A85FEE /* Embed Watch Content */ = {
			isa = PBXCopyFilesBuildPhase;
			buildActionMask = 2147483647;
			dstPath = "$(CONTENTS_FOLDER_PATH)/Watch";
			dstSubfolderSpec = 16;
			files = (
				8972601B245B3B2F00A85FEE /* GolfPS Companion.app in Embed Watch Content */,
			);
			name = "Embed Watch Content";
			runOnlyForDeploymentPostprocessing = 0;
		};
		8972601F245B3B2F00A85FEE /* Embed Foundation Extensions */ = {
			isa = PBXCopyFilesBuildPhase;
			buildActionMask = 2147483647;
			dstPath = "";
			dstSubfolderSpec = 13;
			files = (
				8972600B245B3B2E00A85FEE /* GolfPS Companion Extension.appex in Embed Foundation Extensions */,
			);
			name = "Embed Foundation Extensions";
			runOnlyForDeploymentPostprocessing = 0;
		};
		898A20C021026D80005FCA7A /* Embed Foundation Extensions */ = {
			isa = PBXCopyFilesBuildPhase;
			buildActionMask = 2147483647;
			dstPath = "";
			dstSubfolderSpec = 13;
			files = (
			);
			name = "Embed Foundation Extensions";
			runOnlyForDeploymentPostprocessing = 0;
		};
/* End PBXCopyFilesBuildPhase section */

/* Begin PBXFileReference section */
		06F5E4438E5F6058CD62C241 /* Pods-Golf Ace.debug.xcconfig */ = {isa = PBXFileReference; includeInIndex = 1; lastKnownFileType = text.xcconfig; name = "Pods-Golf Ace.debug.xcconfig"; path = "Pods/Target Support Files/Pods-Golf Ace/Pods-Golf Ace.debug.xcconfig"; sourceTree = "<group>"; };
		1DC83D54EA0D2343C22DF4B6 /* Pods-GolfPS.debug.xcconfig */ = {isa = PBXFileReference; includeInIndex = 1; lastKnownFileType = text.xcconfig; name = "Pods-GolfPS.debug.xcconfig"; path = "Pods/Target Support Files/Pods-GolfPS/Pods-GolfPS.debug.xcconfig"; sourceTree = "<group>"; };
		3891515CEDD537A21F4C7191 /* Pods_GolfPSTests.framework */ = {isa = PBXFileReference; explicitFileType = wrapper.framework; includeInIndex = 0; path = Pods_GolfPSTests.framework; sourceTree = BUILT_PRODUCTS_DIR; };
		5C8721E8AF28D167FA7BAA41 /* Pods-GolfPSTests.release.xcconfig */ = {isa = PBXFileReference; includeInIndex = 1; lastKnownFileType = text.xcconfig; name = "Pods-GolfPSTests.release.xcconfig"; path = "Pods/Target Support Files/Pods-GolfPSTests/Pods-GolfPSTests.release.xcconfig"; sourceTree = "<group>"; };
		6C0D967551C1D0DB5C8ACEBF /* Pods_Golf_Ace.framework */ = {isa = PBXFileReference; explicitFileType = wrapper.framework; includeInIndex = 0; path = Pods_Golf_Ace.framework; sourceTree = BUILT_PRODUCTS_DIR; };
		6D22EB7CC0F081B69868738A /* Pods_GolfPS.framework */ = {isa = PBXFileReference; explicitFileType = wrapper.framework; includeInIndex = 0; path = Pods_GolfPS.framework; sourceTree = BUILT_PRODUCTS_DIR; };
		7E14322CB073CCC339AF56FB /* Pods-Golf Ace.release.xcconfig */ = {isa = PBXFileReference; includeInIndex = 1; lastKnownFileType = text.xcconfig; name = "Pods-Golf Ace.release.xcconfig"; path = "Pods/Target Support Files/Pods-Golf Ace/Pods-Golf Ace.release.xcconfig"; sourceTree = "<group>"; };
		8904F343208E548900B9CCE5 /* Course.swift */ = {isa = PBXFileReference; lastKnownFileType = sourcecode.swift; path = Course.swift; sourceTree = "<group>"; };
		8904F346208E555700B9CCE5 /* Hole.swift */ = {isa = PBXFileReference; lastKnownFileType = sourcecode.swift; path = Hole.swift; sourceTree = "<group>"; };
		8904F348208E705800B9CCE5 /* ClubTools.swift */ = {isa = PBXFileReference; lastKnownFileType = sourcecode.swift; path = ClubTools.swift; sourceTree = "<group>"; };
		8906414222B941B4006AFDC8 /* SettingsTableViewController.swift */ = {isa = PBXFileReference; lastKnownFileType = sourcecode.swift; path = SettingsTableViewController.swift; sourceTree = "<group>"; };
		8915E65C2088F8C800A20258 /* GolfPS.app */ = {isa = PBXFileReference; explicitFileType = wrapper.application; includeInIndex = 0; path = GolfPS.app; sourceTree = BUILT_PRODUCTS_DIR; };
		8915E65F2088F8C800A20258 /* AppDelegate.swift */ = {isa = PBXFileReference; lastKnownFileType = sourcecode.swift; path = AppDelegate.swift; sourceTree = "<group>"; };
		8915E6612088F8C800A20258 /* CourseMapViewController.swift */ = {isa = PBXFileReference; lastKnownFileType = sourcecode.swift; path = CourseMapViewController.swift; sourceTree = "<group>"; };
		8915E6642088F8C800A20258 /* Base */ = {isa = PBXFileReference; lastKnownFileType = file.storyboard; name = Base; path = Base.lproj/Main.storyboard; sourceTree = "<group>"; };
		8915E6692088F8CA00A20258 /* Base */ = {isa = PBXFileReference; lastKnownFileType = file.storyboard; name = Base; path = Base.lproj/LaunchScreen.storyboard; sourceTree = "<group>"; };
		8915E6732088F9AE00A20258 /* Podfile */ = {isa = PBXFileReference; fileEncoding = 4; lastKnownFileType = text; path = Podfile; sourceTree = "<group>"; xcLanguageSpecificationIdentifier = xcode.lang.ruby; };
		8915E6752088FB6700A20258 /* GoogleMapViewController.swift */ = {isa = PBXFileReference; lastKnownFileType = sourcecode.swift; path = GoogleMapViewController.swift; sourceTree = "<group>"; };
		8915E679208A2FE300A20258 /* CourseTableViewCell.swift */ = {isa = PBXFileReference; lastKnownFileType = sourcecode.swift; path = CourseTableViewCell.swift; sourceTree = "<group>"; };
		8915E67B208A300C00A20258 /* CoursePickerTableViewController.swift */ = {isa = PBXFileReference; lastKnownFileType = sourcecode.swift; path = CoursePickerTableViewController.swift; sourceTree = "<group>"; };
		8915E680208A330F00A20258 /* CourseSelectionViewController.swift */ = {isa = PBXFileReference; lastKnownFileType = sourcecode.swift; path = CourseSelectionViewController.swift; sourceTree = "<group>"; };
		8923B5A6216E8CF900CBC9E3 /* Assets.xcassets */ = {isa = PBXFileReference; lastKnownFileType = folder.assetcatalog; path = Assets.xcassets; sourceTree = "<group>"; };
		895C0AEE253F647F002B189B /* Bag.swift */ = {isa = PBXFileReference; lastKnownFileType = sourcecode.swift; path = Bag.swift; sourceTree = "<group>"; };
		896856D1253C9CB300EB3FE6 /* AddClubViewController.swift */ = {isa = PBXFileReference; lastKnownFileType = sourcecode.swift; path = AddClubViewController.swift; sourceTree = "<group>"; };
		896856D6253C9F8D00EB3FE6 /* BaseKeyboardViewController.swift */ = {isa = PBXFileReference; lastKnownFileType = sourcecode.swift; path = BaseKeyboardViewController.swift; sourceTree = "<group>"; };
		896D147322A5A0FE00873D15 /* AppSingleton.swift */ = {isa = PBXFileReference; lastKnownFileType = sourcecode.swift; path = AppSingleton.swift; sourceTree = "<group>"; };
		896D147622A6D19B00873D15 /* ViewX.swift */ = {isa = PBXFileReference; lastKnownFileType = sourcecode.swift; path = ViewX.swift; sourceTree = "<group>"; };
		896D147722A6D1A200873D15 /* ImageViewX.swift */ = {isa = PBXFileReference; fileEncoding = 4; lastKnownFileType = sourcecode.swift; path = ImageViewX.swift; sourceTree = "<group>"; };
		896D147922A6D1AA00873D15 /* TextFieldX.swift */ = {isa = PBXFileReference; lastKnownFileType = sourcecode.swift; path = TextFieldX.swift; sourceTree = "<group>"; };
		896D147B22A6D1AC00873D15 /* ButtonX.swift */ = {isa = PBXFileReference; lastKnownFileType = sourcecode.swift; path = ButtonX.swift; sourceTree = "<group>"; };
		896D147D22A6D1B500873D15 /* Emitter.swift */ = {isa = PBXFileReference; lastKnownFileType = sourcecode.swift; path = Emitter.swift; sourceTree = "<group>"; };
		896D147F22A6D1BB00873D15 /* DottedLine.swift */ = {isa = PBXFileReference; lastKnownFileType = sourcecode.swift; path = DottedLine.swift; sourceTree = "<group>"; };
		896D148322A6D1D300873D15 /* GradientLabel.swift */ = {isa = PBXFileReference; lastKnownFileType = sourcecode.swift; path = GradientLabel.swift; sourceTree = "<group>"; };
		89725FFE245B3B2C00A85FEE /* GolfPS Companion.app */ = {isa = PBXFileReference; explicitFileType = wrapper.application; includeInIndex = 0; path = "GolfPS Companion.app"; sourceTree = BUILT_PRODUCTS_DIR; };
		89726001245B3B2C00A85FEE /* Base */ = {isa = PBXFileReference; lastKnownFileType = file.storyboard; name = Base; path = Base.lproj/Interface.storyboard; sourceTree = "<group>"; };
		89726003245B3B2E00A85FEE /* Assets.xcassets */ = {isa = PBXFileReference; lastKnownFileType = folder.assetcatalog; path = Assets.xcassets; sourceTree = "<group>"; };
		89726005245B3B2E00A85FEE /* Info.plist */ = {isa = PBXFileReference; lastKnownFileType = text.plist.xml; path = Info.plist; sourceTree = "<group>"; };
		8972600A245B3B2E00A85FEE /* GolfPS Companion Extension.appex */ = {isa = PBXFileReference; explicitFileType = "wrapper.app-extension"; includeInIndex = 0; path = "GolfPS Companion Extension.appex"; sourceTree = BUILT_PRODUCTS_DIR; };
		8972600F245B3B2E00A85FEE /* InterfaceController.swift */ = {isa = PBXFileReference; lastKnownFileType = sourcecode.swift; path = InterfaceController.swift; sourceTree = "<group>"; };
		89726011245B3B2E00A85FEE /* ExtensionDelegate.swift */ = {isa = PBXFileReference; lastKnownFileType = sourcecode.swift; path = ExtensionDelegate.swift; sourceTree = "<group>"; };
		89726013245B3B2E00A85FEE /* NotificationController.swift */ = {isa = PBXFileReference; lastKnownFileType = sourcecode.swift; path = NotificationController.swift; sourceTree = "<group>"; };
		89726015245B3B2F00A85FEE /* Assets.xcassets */ = {isa = PBXFileReference; lastKnownFileType = folder.assetcatalog; path = Assets.xcassets; sourceTree = "<group>"; };
		89726017245B3B2F00A85FEE /* Info.plist */ = {isa = PBXFileReference; lastKnownFileType = text.plist.xml; path = Info.plist; sourceTree = "<group>"; };
		89726018245B3B2F00A85FEE /* PushNotificationPayload.apns */ = {isa = PBXFileReference; lastKnownFileType = text; path = PushNotificationPayload.apns; sourceTree = "<group>"; };
		8984584022FB50840077BB72 /* CourseTools.swift */ = {isa = PBXFileReference; lastKnownFileType = sourcecode.swift; path = CourseTools.swift; sourceTree = "<group>"; };
		8986E46E2369C8AC00E76224 /* BadgesViewController.swift */ = {isa = PBXFileReference; lastKnownFileType = sourcecode.swift; path = BadgesViewController.swift; sourceTree = "<group>"; };
		8986E4702369CA7900E76224 /* BadgeBlockCollectionViewCell.swift */ = {isa = PBXFileReference; lastKnownFileType = sourcecode.swift; path = BadgeBlockCollectionViewCell.swift; sourceTree = "<group>"; };
		8986E4712369CA7900E76224 /* BadgeDetailViewController.swift */ = {isa = PBXFileReference; lastKnownFileType = sourcecode.swift; path = BadgeDetailViewController.swift; sourceTree = "<group>"; };
		8986E4752369CA9C00E76224 /* Badge.swift */ = {isa = PBXFileReference; lastKnownFileType = sourcecode.swift; path = Badge.swift; sourceTree = "<group>"; };
		898A20B121026D80005FCA7A /* NotificationCenter.framework */ = {isa = PBXFileReference; lastKnownFileType = wrapper.framework; name = NotificationCenter.framework; path = System/Library/Frameworks/NotificationCenter.framework; sourceTree = SDKROOT; };
		898C2DA522AC2F5D00C7815A /* LocationUpdateTimer.swift */ = {isa = PBXFileReference; lastKnownFileType = sourcecode.swift; path = LocationUpdateTimer.swift; sourceTree = "<group>"; };
		898C2DA922AC5D6A00C7815A /* Player.swift */ = {isa = PBXFileReference; fileEncoding = 4; lastKnownFileType = sourcecode.swift; path = Player.swift; sourceTree = "<group>"; };
		898C2DAB22AEB50000C7815A /* PlayerUpdateTimer.swift */ = {isa = PBXFileReference; lastKnownFileType = sourcecode.swift; path = PlayerUpdateTimer.swift; sourceTree = "<group>"; };
		89996EC0210A5CE200E0E290 /* SettingsViewController.swift */ = {isa = PBXFileReference; lastKnownFileType = sourcecode.swift; path = SettingsViewController.swift; sourceTree = "<group>"; };
		89996EC3210A5F7B00E0E290 /* RequestViewController.swift */ = {isa = PBXFileReference; lastKnownFileType = sourcecode.swift; path = RequestViewController.swift; sourceTree = "<group>"; };
		89B89FF1261E028300BB78D4 /* ShotTools.swift */ = {isa = PBXFileReference; lastKnownFileType = sourcecode.swift; path = ShotTools.swift; sourceTree = "<group>"; };
		89C32DF620B5F3DB0036C151 /* MyBagViewController.swift */ = {isa = PBXFileReference; lastKnownFileType = sourcecode.swift; path = MyBagViewController.swift; sourceTree = "<group>"; };
		89C32DF820B5F3F90036C151 /* ClubTableViewCell.swift */ = {isa = PBXFileReference; lastKnownFileType = sourcecode.swift; path = ClubTableViewCell.swift; sourceTree = "<group>"; };
		89C32DFA20B5F4400036C151 /* MyBagTableViewController.swift */ = {isa = PBXFileReference; lastKnownFileType = sourcecode.swift; path = MyBagTableViewController.swift; sourceTree = "<group>"; };
		89C32DFC20B5FCCA0036C151 /* TabParentViewController.swift */ = {isa = PBXFileReference; lastKnownFileType = sourcecode.swift; path = TabParentViewController.swift; sourceTree = "<group>"; };
		89C32DFE20B6110A0036C151 /* GolfPS.entitlements */ = {isa = PBXFileReference; lastKnownFileType = text.plist.entitlements; path = GolfPS.entitlements; sourceTree = "<group>"; };
		89D078B9208ADBD500B97690 /* MapTools.swift */ = {isa = PBXFileReference; lastKnownFileType = sourcecode.swift; path = MapTools.swift; sourceTree = "<group>"; };
		89DFFE4E21E96B9B0096AC3C /* Extensions.swift */ = {isa = PBXFileReference; lastKnownFileType = sourcecode.swift; path = Extensions.swift; sourceTree = "<group>"; };
		89F474F722B1D6CA007D044A /* Club.swift */ = {isa = PBXFileReference; lastKnownFileType = sourcecode.swift; path = Club.swift; sourceTree = "<group>"; };
		89F49A9E2432837000C0B9A0 /* Colors.xcassets */ = {isa = PBXFileReference; lastKnownFileType = folder.assetcatalog; path = Colors.xcassets; sourceTree = "<group>"; };
		DA555DCB97632F9DA9B7AD72 /* Pods-GolfPSTests.debug.xcconfig */ = {isa = PBXFileReference; includeInIndex = 1; lastKnownFileType = text.xcconfig; name = "Pods-GolfPSTests.debug.xcconfig"; path = "Pods/Target Support Files/Pods-GolfPSTests/Pods-GolfPSTests.debug.xcconfig"; sourceTree = "<group>"; };
		DF7AD519DDB461F93E57B4E8 /* Pods-GolfPS.release.xcconfig */ = {isa = PBXFileReference; includeInIndex = 1; lastKnownFileType = text.xcconfig; name = "Pods-GolfPS.release.xcconfig"; path = "Pods/Target Support Files/Pods-GolfPS/Pods-GolfPS.release.xcconfig"; sourceTree = "<group>"; };
		F7C02D8D2B85537200C6AEE2 /* GoogleService-Info.plist */ = {isa = PBXFileReference; lastKnownFileType = text.plist.xml; path = "GoogleService-Info.plist"; sourceTree = "<group>"; };
		F7C02D8E2B8553BA00C6AEE2 /* ApiKeys.plist */ = {isa = PBXFileReference; lastKnownFileType = text.plist; path = ApiKeys.plist; sourceTree = "<group>"; };
		F7C02D902B85546900C6AEE2 /* Info.plist */ = {isa = PBXFileReference; lastKnownFileType = text.plist.xml; path = Info.plist; sourceTree = "<group>"; };
		F7C02D932B9A6EA200C6AEE2 /* screenshots.sh */ = {isa = PBXFileReference; lastKnownFileType = text.script.sh; path = screenshots.sh; sourceTree = "<group>"; };
		F7C02D952B9A6EB300C6AEE2 /* AppUtility.swift */ = {isa = PBXFileReference; lastKnownFileType = sourcecode.swift; path = AppUtility.swift; sourceTree = "<group>"; };
		F7C02D972B9A6EDE00C6AEE2 /* DebugLogger.swift */ = {isa = PBXFileReference; lastKnownFileType = sourcecode.swift; path = DebugLogger.swift; sourceTree = "<group>"; };
		F7C02D9D2B9A723E00C6AEE2 /* GolfPSTests.xctest */ = {isa = PBXFileReference; explicitFileType = wrapper.cfbundle; includeInIndex = 0; path = GolfPSTests.xctest; sourceTree = BUILT_PRODUCTS_DIR; };
		F7C02D9F2B9A723E00C6AEE2 /* GolfPSTests.swift */ = {isa = PBXFileReference; lastKnownFileType = sourcecode.swift; path = GolfPSTests.swift; sourceTree = "<group>"; };
		F7C02DA62B9A725400C6AEE2 /* Unit_AssetTests.swift */ = {isa = PBXFileReference; lastKnownFileType = sourcecode.swift; path = Unit_AssetTests.swift; sourceTree = "<group>"; };
		F7C02DA82B9A726300C6AEE2 /* Unit_FirestoreTests.swift */ = {isa = PBXFileReference; lastKnownFileType = sourcecode.swift; path = Unit_FirestoreTests.swift; sourceTree = "<group>"; };
		F7C02DB02B9A728200C6AEE2 /* GolfPSUITests.xctest */ = {isa = PBXFileReference; explicitFileType = wrapper.cfbundle; includeInIndex = 0; path = GolfPSUITests.xctest; sourceTree = BUILT_PRODUCTS_DIR; };
		F7C02DB42B9A728200C6AEE2 /* GolfPSUITestsLaunchTests.swift */ = {isa = PBXFileReference; lastKnownFileType = sourcecode.swift; path = GolfPSUITestsLaunchTests.swift; sourceTree = "<group>"; };
		F7C02DBB2B9A728B00C6AEE2 /* UI_Tests.swift */ = {isa = PBXFileReference; lastKnownFileType = sourcecode.swift; path = UI_Tests.swift; sourceTree = "<group>"; };
		F7C02DBD2B9A728D00C6AEE2 /* UI_Screenshots.swift */ = {isa = PBXFileReference; lastKnownFileType = sourcecode.swift; path = UI_Screenshots.swift; sourceTree = "<group>"; };
		F7C02DC22B9A763D00C6AEE2 /* Screenshots.xctestplan */ = {isa = PBXFileReference; lastKnownFileType = text; path = Screenshots.xctestplan; sourceTree = "<group>"; };
/* End PBXFileReference section */

/* Begin PBXFrameworksBuildPhase section */
		55BC266CEB0D6745050D4FD9 /* Frameworks */ = {
			isa = PBXFrameworksBuildPhase;
			buildActionMask = 2147483647;
			files = (
			);
			runOnlyForDeploymentPostprocessing = 0;
		};
		8915E6592088F8C800A20258 /* Frameworks */ = {
			isa = PBXFrameworksBuildPhase;
			buildActionMask = 2147483647;
			files = (
				EE8FE31E1FD7B9FB257C1686 /* Pods_GolfPS.framework in Frameworks */,
			);
			runOnlyForDeploymentPostprocessing = 0;
		};
		89726007245B3B2E00A85FEE /* Frameworks */ = {
			isa = PBXFrameworksBuildPhase;
			buildActionMask = 2147483647;
			files = (
			);
			runOnlyForDeploymentPostprocessing = 0;
		};
		F7C02D9A2B9A723E00C6AEE2 /* Frameworks */ = {
			isa = PBXFrameworksBuildPhase;
			buildActionMask = 2147483647;
			files = (
				4DFC349DC0415089F7109928 /* Pods_GolfPSTests.framework in Frameworks */,
			);
			runOnlyForDeploymentPostprocessing = 0;
		};
		F7C02DAD2B9A728200C6AEE2 /* Frameworks */ = {
			isa = PBXFrameworksBuildPhase;
			buildActionMask = 2147483647;
			files = (
			);
			runOnlyForDeploymentPostprocessing = 0;
		};
/* End PBXFrameworksBuildPhase section */

/* Begin PBXGroup section */
		5CABB7DBB20D208E39DBC9FE /* Frameworks */ = {
			isa = PBXGroup;
			children = (
				6C0D967551C1D0DB5C8ACEBF /* Pods_Golf_Ace.framework */,
				898A20B121026D80005FCA7A /* NotificationCenter.framework */,
				6D22EB7CC0F081B69868738A /* Pods_GolfPS.framework */,
				3891515CEDD537A21F4C7191 /* Pods_GolfPSTests.framework */,
			);
			name = Frameworks;
			sourceTree = "<group>";
		};
		8904F342208E53F700B9CCE5 /* Models */ = {
			isa = PBXGroup;
			children = (
				898C2DA922AC5D6A00C7815A /* Player.swift */,
				8904F343208E548900B9CCE5 /* Course.swift */,
				8904F346208E555700B9CCE5 /* Hole.swift */,
				895C0AEE253F647F002B189B /* Bag.swift */,
				89F474F722B1D6CA007D044A /* Club.swift */,
				8986E4752369CA9C00E76224 /* Badge.swift */,
			);
			path = Models;
			sourceTree = "<group>";
		};
		8915E6532088F8C800A20258 = {
			isa = PBXGroup;
			children = (
				F7C02D932B9A6EA200C6AEE2 /* screenshots.sh */,
				8915E65E2088F8C800A20258 /* GolfPS */,
				89725FFF245B3B2C00A85FEE /* GolfPS Companion */,
				8972600E245B3B2E00A85FEE /* GolfPS Companion Extension */,
				F7C02D9E2B9A723E00C6AEE2 /* GolfPSTests */,
				F7C02DB12B9A728200C6AEE2 /* GolfPSUITests */,
				8915E65D2088F8C800A20258 /* Products */,
				8915E6732088F9AE00A20258 /* Podfile */,
				F2952F7C429A150259B45E6E /* Pods */,
				5CABB7DBB20D208E39DBC9FE /* Frameworks */,
			);
			sourceTree = "<group>";
		};
		8915E65D2088F8C800A20258 /* Products */ = {
			isa = PBXGroup;
			children = (
				8915E65C2088F8C800A20258 /* GolfPS.app */,
				89725FFE245B3B2C00A85FEE /* GolfPS Companion.app */,
				8972600A245B3B2E00A85FEE /* GolfPS Companion Extension.appex */,
				F7C02D9D2B9A723E00C6AEE2 /* GolfPSTests.xctest */,
				F7C02DB02B9A728200C6AEE2 /* GolfPSUITests.xctest */,
			);
			name = Products;
			sourceTree = "<group>";
		};
		8915E65E2088F8C800A20258 /* GolfPS */ = {
			isa = PBXGroup;
			children = (
				89C32DFE20B6110A0036C151 /* GolfPS.entitlements */,
				896D147522A6D16700873D15 /* Views */,
				8904F342208E53F700B9CCE5 /* Models */,
				89D078B8208ADBCA00B97690 /* Tools */,
				8915E67F208A32B500A20258 /* View Controllers */,
				89DFFE4E21E96B9B0096AC3C /* Extensions.swift */,
				896D147322A5A0FE00873D15 /* AppSingleton.swift */,
				F7C02D8D2B85537200C6AEE2 /* GoogleService-Info.plist */,
				F7C02D8E2B8553BA00C6AEE2 /* ApiKeys.plist */,
				F7C02D902B85546900C6AEE2 /* Info.plist */,
				8915E65F2088F8C800A20258 /* AppDelegate.swift */,
				8923B5A6216E8CF900CBC9E3 /* Assets.xcassets */,
				89F49A9E2432837000C0B9A0 /* Colors.xcassets */,
				8915E6632088F8C800A20258 /* Main.storyboard */,
				8915E6682088F8CA00A20258 /* LaunchScreen.storyboard */,
			);
			path = GolfPS;
			sourceTree = "<group>";
		};
		8915E67D208A329200A20258 /* Selection */ = {
			isa = PBXGroup;
			children = (
				8915E680208A330F00A20258 /* CourseSelectionViewController.swift */,
				8915E67B208A300C00A20258 /* CoursePickerTableViewController.swift */,
				8915E679208A2FE300A20258 /* CourseTableViewCell.swift */,
				89996EC3210A5F7B00E0E290 /* RequestViewController.swift */,
			);
			path = Selection;
			sourceTree = "<group>";
		};
		8915E67E208A32A400A20258 /* Map */ = {
			isa = PBXGroup;
			children = (
				8915E6612088F8C800A20258 /* CourseMapViewController.swift */,
				8915E6752088FB6700A20258 /* GoogleMapViewController.swift */,
			);
			path = Map;
			sourceTree = "<group>";
		};
		8915E67F208A32B500A20258 /* View Controllers */ = {
			isa = PBXGroup;
			children = (
				89C32DFC20B5FCCA0036C151 /* TabParentViewController.swift */,
				896856D6253C9F8D00EB3FE6 /* BaseKeyboardViewController.swift */,
				89C32DF520B5F3BF0036C151 /* MyBag */,
				8915E67E208A32A400A20258 /* Map */,
				8915E67D208A329200A20258 /* Selection */,
				89996EBF210A5CD400E0E290 /* Settings */,
			);
			path = "View Controllers";
			sourceTree = "<group>";
		};
		896D147522A6D16700873D15 /* Views */ = {
			isa = PBXGroup;
			children = (
				896D148322A6D1D300873D15 /* GradientLabel.swift */,
				896D147622A6D19B00873D15 /* ViewX.swift */,
				896D147722A6D1A200873D15 /* ImageViewX.swift */,
				896D147922A6D1AA00873D15 /* TextFieldX.swift */,
				896D147B22A6D1AC00873D15 /* ButtonX.swift */,
				896D147D22A6D1B500873D15 /* Emitter.swift */,
				896D147F22A6D1BB00873D15 /* DottedLine.swift */,
			);
			path = Views;
			sourceTree = "<group>";
		};
		89725FFF245B3B2C00A85FEE /* GolfPS Companion */ = {
			isa = PBXGroup;
			children = (
				89726000245B3B2C00A85FEE /* Interface.storyboard */,
				89726003245B3B2E00A85FEE /* Assets.xcassets */,
				89726005245B3B2E00A85FEE /* Info.plist */,
			);
			path = "GolfPS Companion";
			sourceTree = "<group>";
		};
		8972600E245B3B2E00A85FEE /* GolfPS Companion Extension */ = {
			isa = PBXGroup;
			children = (
				8972600F245B3B2E00A85FEE /* InterfaceController.swift */,
				89726011245B3B2E00A85FEE /* ExtensionDelegate.swift */,
				89726013245B3B2E00A85FEE /* NotificationController.swift */,
				89726015245B3B2F00A85FEE /* Assets.xcassets */,
				89726017245B3B2F00A85FEE /* Info.plist */,
				89726018245B3B2F00A85FEE /* PushNotificationPayload.apns */,
			);
			path = "GolfPS Companion Extension";
			sourceTree = "<group>";
		};
		8986E4742369CA7E00E76224 /* Badges */ = {
			isa = PBXGroup;
			children = (
				8986E46E2369C8AC00E76224 /* BadgesViewController.swift */,
				8986E4702369CA7900E76224 /* BadgeBlockCollectionViewCell.swift */,
				8986E4712369CA7900E76224 /* BadgeDetailViewController.swift */,
			);
			path = Badges;
			sourceTree = "<group>";
		};
		89996EBF210A5CD400E0E290 /* Settings */ = {
			isa = PBXGroup;
			children = (
				89996EC0210A5CE200E0E290 /* SettingsViewController.swift */,
				8906414222B941B4006AFDC8 /* SettingsTableViewController.swift */,
				8986E4742369CA7E00E76224 /* Badges */,
			);
			path = Settings;
			sourceTree = "<group>";
		};
		89C32DF520B5F3BF0036C151 /* MyBag */ = {
			isa = PBXGroup;
			children = (
				89C32DF620B5F3DB0036C151 /* MyBagViewController.swift */,
				89C32DFA20B5F4400036C151 /* MyBagTableViewController.swift */,
				89C32DF820B5F3F90036C151 /* ClubTableViewCell.swift */,
				896856D1253C9CB300EB3FE6 /* AddClubViewController.swift */,
			);
			path = MyBag;
			sourceTree = "<group>";
		};
		89D078B8208ADBCA00B97690 /* Tools */ = {
			isa = PBXGroup;
			children = (
				F7C02D952B9A6EB300C6AEE2 /* AppUtility.swift */,
				F7C02D972B9A6EDE00C6AEE2 /* DebugLogger.swift */,
				89D078B9208ADBD500B97690 /* MapTools.swift */,
				8904F348208E705800B9CCE5 /* ClubTools.swift */,
				898C2DA522AC2F5D00C7815A /* LocationUpdateTimer.swift */,
				898C2DAB22AEB50000C7815A /* PlayerUpdateTimer.swift */,
				8984584022FB50840077BB72 /* CourseTools.swift */,
				89B89FF1261E028300BB78D4 /* ShotTools.swift */,
			);
			path = Tools;
			sourceTree = "<group>";
		};
		F2952F7C429A150259B45E6E /* Pods */ = {
			isa = PBXGroup;
			children = (
				06F5E4438E5F6058CD62C241 /* Pods-Golf Ace.debug.xcconfig */,
				7E14322CB073CCC339AF56FB /* Pods-Golf Ace.release.xcconfig */,
				1DC83D54EA0D2343C22DF4B6 /* Pods-GolfPS.debug.xcconfig */,
				DF7AD519DDB461F93E57B4E8 /* Pods-GolfPS.release.xcconfig */,
				DA555DCB97632F9DA9B7AD72 /* Pods-GolfPSTests.debug.xcconfig */,
				5C8721E8AF28D167FA7BAA41 /* Pods-GolfPSTests.release.xcconfig */,
			);
			name = Pods;
			sourceTree = "<group>";
		};
		F7C02D9E2B9A723E00C6AEE2 /* GolfPSTests */ = {
			isa = PBXGroup;
			children = (
				F7C02DA62B9A725400C6AEE2 /* Unit_AssetTests.swift */,
				F7C02DA82B9A726300C6AEE2 /* Unit_FirestoreTests.swift */,
				F7C02D9F2B9A723E00C6AEE2 /* GolfPSTests.swift */,
			);
			path = GolfPSTests;
			sourceTree = "<group>";
		};
		F7C02DB12B9A728200C6AEE2 /* GolfPSUITests */ = {
			isa = PBXGroup;
			children = (
				F7C02DBB2B9A728B00C6AEE2 /* UI_Tests.swift */,
				F7C02DBD2B9A728D00C6AEE2 /* UI_Screenshots.swift */,
				F7C02DB42B9A728200C6AEE2 /* GolfPSUITestsLaunchTests.swift */,
				F7C02DC22B9A763D00C6AEE2 /* Screenshots.xctestplan */,
			);
			path = GolfPSUITests;
			sourceTree = "<group>";
		};
/* End PBXGroup section */

/* Begin PBXNativeTarget section */
		8915E65B2088F8C800A20258 /* GolfPS */ = {
			isa = PBXNativeTarget;
			buildConfigurationList = 8915E66E2088F8CA00A20258 /* Build configuration list for PBXNativeTarget "GolfPS" */;
			buildPhases = (
				987338A928E6E19A037AF527 /* [CP] Check Pods Manifest.lock */,
				8915E6582088F8C800A20258 /* Sources */,
				8915E6592088F8C800A20258 /* Frameworks */,
				8915E65A2088F8C800A20258 /* Resources */,
				BACC91256F54FA1CF3FF6808 /* [CP] Embed Pods Frameworks */,
				ECED2BF15C4390BFF343AB3E /* [CP] Copy Pods Resources */,
				898A20C021026D80005FCA7A /* Embed Foundation Extensions */,
				89AD88DB211E219F00AA8D02 /* ShellScript */,
				8972601C245B3B2F00A85FEE /* Embed Watch Content */,
			);
			buildRules = (
			);
			dependencies = (
				8972601A245B3B2F00A85FEE /* PBXTargetDependency */,
			);
			name = GolfPS;
			productName = "Golf Ace";
			productReference = 8915E65C2088F8C800A20258 /* GolfPS.app */;
			productType = "com.apple.product-type.application";
		};
		89725FFD245B3B2C00A85FEE /* GolfPS Companion */ = {
			isa = PBXNativeTarget;
			buildConfigurationList = 89726023245B3B2F00A85FEE /* Build configuration list for PBXNativeTarget "GolfPS Companion" */;
			buildPhases = (
				89725FFC245B3B2C00A85FEE /* Resources */,
				8972601F245B3B2F00A85FEE /* Embed Foundation Extensions */,
				55BC266CEB0D6745050D4FD9 /* Frameworks */,
			);
			buildRules = (
			);
			dependencies = (
				8972600D245B3B2E00A85FEE /* PBXTargetDependency */,
			);
			name = "GolfPS Companion";
			productName = "GolfPS Companion";
			productReference = 89725FFE245B3B2C00A85FEE /* GolfPS Companion.app */;
			productType = "com.apple.product-type.application.watchapp2";
		};
		89726009245B3B2E00A85FEE /* GolfPS Companion Extension */ = {
			isa = PBXNativeTarget;
			buildConfigurationList = 89726022245B3B2F00A85FEE /* Build configuration list for PBXNativeTarget "GolfPS Companion Extension" */;
			buildPhases = (
				89726006245B3B2E00A85FEE /* Sources */,
				89726007245B3B2E00A85FEE /* Frameworks */,
				89726008245B3B2E00A85FEE /* Resources */,
			);
			buildRules = (
			);
			dependencies = (
			);
			name = "GolfPS Companion Extension";
			productName = "GolfPS Companion Extension";
			productReference = 8972600A245B3B2E00A85FEE /* GolfPS Companion Extension.appex */;
			productType = "com.apple.product-type.watchkit2-extension";
		};
		F7C02D9C2B9A723E00C6AEE2 /* GolfPSTests */ = {
			isa = PBXNativeTarget;
			buildConfigurationList = F7C02DA32B9A723E00C6AEE2 /* Build configuration list for PBXNativeTarget "GolfPSTests" */;
			buildPhases = (
				8C0E09B94E28DBA73CCFEDE7 /* [CP] Check Pods Manifest.lock */,
				F7C02D992B9A723E00C6AEE2 /* Sources */,
				F7C02D9A2B9A723E00C6AEE2 /* Frameworks */,
				F7C02D9B2B9A723E00C6AEE2 /* Resources */,
				A671C9EDA528E16950809866 /* [CP] Embed Pods Frameworks */,
			);
			buildRules = (
			);
			dependencies = (
				F7C02DA22B9A723E00C6AEE2 /* PBXTargetDependency */,
			);
			name = GolfPSTests;
			productName = GolfPSTests;
			productReference = F7C02D9D2B9A723E00C6AEE2 /* GolfPSTests.xctest */;
			productType = "com.apple.product-type.bundle.unit-test";
		};
		F7C02DAF2B9A728200C6AEE2 /* GolfPSUITests */ = {
			isa = PBXNativeTarget;
			buildConfigurationList = F7C02DB82B9A728200C6AEE2 /* Build configuration list for PBXNativeTarget "GolfPSUITests" */;
			buildPhases = (
				F7C02DAC2B9A728200C6AEE2 /* Sources */,
				F7C02DAD2B9A728200C6AEE2 /* Frameworks */,
				F7C02DAE2B9A728200C6AEE2 /* Resources */,
			);
			buildRules = (
			);
			dependencies = (
				F7C02DB72B9A728200C6AEE2 /* PBXTargetDependency */,
			);
			name = GolfPSUITests;
			productName = GolfPSUITests;
			productReference = F7C02DB02B9A728200C6AEE2 /* GolfPSUITests.xctest */;
			productType = "com.apple.product-type.bundle.ui-testing";
		};
/* End PBXNativeTarget section */

/* Begin PBXProject section */
		8915E6542088F8C800A20258 /* Project object */ = {
			isa = PBXProject;
			attributes = {
				BuildIndependentTargetsInParallel = YES;
				LastSwiftUpdateCheck = 1520;
				LastUpgradeCheck = 1520;
				ORGANIZATIONNAME = "DeJong Development";
				TargetAttributes = {
					8915E65B2088F8C800A20258 = {
						CreatedOnToolsVersion = 9.3;
						LastSwiftMigration = 1020;
						SystemCapabilities = {
							com.apple.ApplicationGroups.iOS = {
								enabled = 0;
							};
							com.apple.BackgroundModes = {
								enabled = 1;
							};
							com.apple.Push = {
								enabled = 1;
							};
						};
					};
					89725FFD245B3B2C00A85FEE = {
						CreatedOnToolsVersion = 11.4;
					};
					89726009245B3B2E00A85FEE = {
						CreatedOnToolsVersion = 11.4;
					};
					F7C02D9C2B9A723E00C6AEE2 = {
						CreatedOnToolsVersion = 15.2;
						TestTargetID = 8915E65B2088F8C800A20258;
					};
					F7C02DAF2B9A728200C6AEE2 = {
						CreatedOnToolsVersion = 15.2;
						TestTargetID = 8915E65B2088F8C800A20258;
					};
				};
			};
			buildConfigurationList = 8915E6572088F8C800A20258 /* Build configuration list for PBXProject "GolfPS" */;
			compatibilityVersion = "Xcode 9.3";
			developmentRegion = en;
			hasScannedForEncodings = 0;
			knownRegions = (
				en,
				Base,
			);
			mainGroup = 8915E6532088F8C800A20258;
			productRefGroup = 8915E65D2088F8C800A20258 /* Products */;
			projectDirPath = "";
			projectRoot = "";
			targets = (
				8915E65B2088F8C800A20258 /* GolfPS */,
				89725FFD245B3B2C00A85FEE /* GolfPS Companion */,
				89726009245B3B2E00A85FEE /* GolfPS Companion Extension */,
				F7C02D9C2B9A723E00C6AEE2 /* GolfPSTests */,
				F7C02DAF2B9A728200C6AEE2 /* GolfPSUITests */,
			);
		};
/* End PBXProject section */

/* Begin PBXResourcesBuildPhase section */
		8915E65A2088F8C800A20258 /* Resources */ = {
			isa = PBXResourcesBuildPhase;
			buildActionMask = 2147483647;
			files = (
				F7C02D942B9A6EA200C6AEE2 /* screenshots.sh in Resources */,
				8915E66A2088F8CA00A20258 /* LaunchScreen.storyboard in Resources */,
				8915E6742088F9AE00A20258 /* Podfile in Resources */,
				8915E6652088F8C800A20258 /* Main.storyboard in Resources */,
				8923B5A7216E8CF900CBC9E3 /* Assets.xcassets in Resources */,
				89F49A9F2432837000C0B9A0 /* Colors.xcassets in Resources */,
				F7C02D8F2B8553BA00C6AEE2 /* ApiKeys.plist in Resources */,
				F7C02D922B85591400C6AEE2 /* GoogleService-Info.plist in Resources */,
			);
			runOnlyForDeploymentPostprocessing = 0;
		};
		89725FFC245B3B2C00A85FEE /* Resources */ = {
			isa = PBXResourcesBuildPhase;
			buildActionMask = 2147483647;
			files = (
				89726004245B3B2E00A85FEE /* Assets.xcassets in Resources */,
				89726002245B3B2C00A85FEE /* Interface.storyboard in Resources */,
			);
			runOnlyForDeploymentPostprocessing = 0;
		};
		89726008245B3B2E00A85FEE /* Resources */ = {
			isa = PBXResourcesBuildPhase;
			buildActionMask = 2147483647;
			files = (
				89726016245B3B2F00A85FEE /* Assets.xcassets in Resources */,
			);
			runOnlyForDeploymentPostprocessing = 0;
		};
		F7C02D9B2B9A723E00C6AEE2 /* Resources */ = {
			isa = PBXResourcesBuildPhase;
			buildActionMask = 2147483647;
			files = (
			);
			runOnlyForDeploymentPostprocessing = 0;
		};
		F7C02DAE2B9A728200C6AEE2 /* Resources */ = {
			isa = PBXResourcesBuildPhase;
			buildActionMask = 2147483647;
			files = (
			);
			runOnlyForDeploymentPostprocessing = 0;
		};
/* End PBXResourcesBuildPhase section */

/* Begin PBXShellScriptBuildPhase section */
		89AD88DB211E219F00AA8D02 /* ShellScript */ = {
			isa = PBXShellScriptBuildPhase;
			buildActionMask = 8;
			files = (
			);
			inputPaths = (
				"${DWARF_DSYM_FOLDER_PATH}/${DWARF_DSYM_FILE_NAME}/Contents/Resources/DWARF/${TARGET_NAME}",
				"$(SRCROOT)/$(BUILT_PRODUCTS_DIR)/$(INFOPLIST_PATH)",
			);
			outputPaths = (
			);
			runOnlyForDeploymentPostprocessing = 1;
			shellPath = /bin/sh;
			shellScript = "\"${PODS_ROOT}/FirebaseCrashlytics/run\"\n";
		};
		8C0E09B94E28DBA73CCFEDE7 /* [CP] Check Pods Manifest.lock */ = {
			isa = PBXShellScriptBuildPhase;
			buildActionMask = 2147483647;
			files = (
			);
			inputFileListPaths = (
			);
			inputPaths = (
				"${PODS_PODFILE_DIR_PATH}/Podfile.lock",
				"${PODS_ROOT}/Manifest.lock",
			);
			name = "[CP] Check Pods Manifest.lock";
			outputFileListPaths = (
			);
			outputPaths = (
				"$(DERIVED_FILE_DIR)/Pods-GolfPSTests-checkManifestLockResult.txt",
			);
			runOnlyForDeploymentPostprocessing = 0;
			shellPath = /bin/sh;
			shellScript = "diff \"${PODS_PODFILE_DIR_PATH}/Podfile.lock\" \"${PODS_ROOT}/Manifest.lock\" > /dev/null\nif [ $? != 0 ] ; then\n    # print error to STDERR\n    echo \"error: The sandbox is not in sync with the Podfile.lock. Run 'pod install' or update your CocoaPods installation.\" >&2\n    exit 1\nfi\n# This output is used by Xcode 'outputs' to avoid re-running this script phase.\necho \"SUCCESS\" > \"${SCRIPT_OUTPUT_FILE_0}\"\n";
			showEnvVarsInLog = 0;
		};
		987338A928E6E19A037AF527 /* [CP] Check Pods Manifest.lock */ = {
			isa = PBXShellScriptBuildPhase;
			buildActionMask = 2147483647;
			files = (
			);
			inputPaths = (
				"${PODS_PODFILE_DIR_PATH}/Podfile.lock",
				"${PODS_ROOT}/Manifest.lock",
			);
			name = "[CP] Check Pods Manifest.lock";
			outputPaths = (
				"$(DERIVED_FILE_DIR)/Pods-GolfPS-checkManifestLockResult.txt",
			);
			runOnlyForDeploymentPostprocessing = 0;
			shellPath = /bin/sh;
			shellScript = "diff \"${PODS_PODFILE_DIR_PATH}/Podfile.lock\" \"${PODS_ROOT}/Manifest.lock\" > /dev/null\nif [ $? != 0 ] ; then\n    # print error to STDERR\n    echo \"error: The sandbox is not in sync with the Podfile.lock. Run 'pod install' or update your CocoaPods installation.\" >&2\n    exit 1\nfi\n# This output is used by Xcode 'outputs' to avoid re-running this script phase.\necho \"SUCCESS\" > \"${SCRIPT_OUTPUT_FILE_0}\"\n";
			showEnvVarsInLog = 0;
		};
		A671C9EDA528E16950809866 /* [CP] Embed Pods Frameworks */ = {
			isa = PBXShellScriptBuildPhase;
			buildActionMask = 2147483647;
			files = (
			);
			inputFileListPaths = (
				"${PODS_ROOT}/Target Support Files/Pods-GolfPSTests/Pods-GolfPSTests-frameworks-${CONFIGURATION}-input-files.xcfilelist",
			);
			name = "[CP] Embed Pods Frameworks";
			outputFileListPaths = (
				"${PODS_ROOT}/Target Support Files/Pods-GolfPSTests/Pods-GolfPSTests-frameworks-${CONFIGURATION}-output-files.xcfilelist",
			);
			runOnlyForDeploymentPostprocessing = 0;
			shellPath = /bin/sh;
			shellScript = "\"${PODS_ROOT}/Target Support Files/Pods-GolfPSTests/Pods-GolfPSTests-frameworks.sh\"\n";
			showEnvVarsInLog = 0;
		};
		BACC91256F54FA1CF3FF6808 /* [CP] Embed Pods Frameworks */ = {
			isa = PBXShellScriptBuildPhase;
			buildActionMask = 2147483647;
			files = (
			);
			inputFileListPaths = (
				"${PODS_ROOT}/Target Support Files/Pods-GolfPS/Pods-GolfPS-frameworks-${CONFIGURATION}-input-files.xcfilelist",
			);
			name = "[CP] Embed Pods Frameworks";
			outputFileListPaths = (
				"${PODS_ROOT}/Target Support Files/Pods-GolfPS/Pods-GolfPS-frameworks-${CONFIGURATION}-output-files.xcfilelist",
			);
			runOnlyForDeploymentPostprocessing = 0;
			shellPath = /bin/sh;
			shellScript = "\"${PODS_ROOT}/Target Support Files/Pods-GolfPS/Pods-GolfPS-frameworks.sh\"\n";
			showEnvVarsInLog = 0;
		};
		ECED2BF15C4390BFF343AB3E /* [CP] Copy Pods Resources */ = {
			isa = PBXShellScriptBuildPhase;
			buildActionMask = 2147483647;
			files = (
			);
			inputFileListPaths = (
				"${PODS_ROOT}/Target Support Files/Pods-GolfPS/Pods-GolfPS-resources-${CONFIGURATION}-input-files.xcfilelist",
			);
			name = "[CP] Copy Pods Resources";
			outputFileListPaths = (
				"${PODS_ROOT}/Target Support Files/Pods-GolfPS/Pods-GolfPS-resources-${CONFIGURATION}-output-files.xcfilelist",
			);
			runOnlyForDeploymentPostprocessing = 0;
			shellPath = /bin/sh;
			shellScript = "\"${PODS_ROOT}/Target Support Files/Pods-GolfPS/Pods-GolfPS-resources.sh\"\n";
			showEnvVarsInLog = 0;
		};
/* End PBXShellScriptBuildPhase section */

/* Begin PBXSourcesBuildPhase section */
		8915E6582088F8C800A20258 /* Sources */ = {
			isa = PBXSourcesBuildPhase;
			buildActionMask = 2147483647;
			files = (
				8904F344208E548900B9CCE5 /* Course.swift in Sources */,
				89C32DF720B5F3DB0036C151 /* MyBagViewController.swift in Sources */,
				89D078BA208ADBD500B97690 /* MapTools.swift in Sources */,
				8915E681208A330F00A20258 /* CourseSelectionViewController.swift in Sources */,
				898C2DAA22AC5D6A00C7815A /* Player.swift in Sources */,
				F7C02D982B9A6EDE00C6AEE2 /* DebugLogger.swift in Sources */,
				896856D7253C9F8D00EB3FE6 /* BaseKeyboardViewController.swift in Sources */,
				8904F349208E705800B9CCE5 /* ClubTools.swift in Sources */,
				896856CD253C9AC600EB3FE6 /* ViewX.swift in Sources */,
				8915E67A208A2FE300A20258 /* CourseTableViewCell.swift in Sources */,
				89F474F822B1D6CA007D044A /* Club.swift in Sources */,
				8904F347208E555700B9CCE5 /* Hole.swift in Sources */,
				896D147822A6D1A200873D15 /* ImageViewX.swift in Sources */,
				8915E6622088F8C800A20258 /* CourseMapViewController.swift in Sources */,
				89996EC1210A5CE200E0E290 /* SettingsViewController.swift in Sources */,
				89C32DF920B5F3F90036C151 /* ClubTableViewCell.swift in Sources */,
				896D148422A6D1D300873D15 /* GradientLabel.swift in Sources */,
				8984584122FB50840077BB72 /* CourseTools.swift in Sources */,
				89B89FF2261E028300BB78D4 /* ShotTools.swift in Sources */,
				8915E6602088F8C800A20258 /* AppDelegate.swift in Sources */,
				898C2DA622AC2F5D00C7815A /* LocationUpdateTimer.swift in Sources */,
				896D147E22A6D1B500873D15 /* Emitter.swift in Sources */,
				8906414322B941B4006AFDC8 /* SettingsTableViewController.swift in Sources */,
				8986E46F2369C8AC00E76224 /* BadgesViewController.swift in Sources */,
				8915E67C208A300C00A20258 /* CoursePickerTableViewController.swift in Sources */,
				896D148022A6D1BC00873D15 /* DottedLine.swift in Sources */,
				8915E6762088FB6700A20258 /* GoogleMapViewController.swift in Sources */,
				8986E4722369CA7A00E76224 /* BadgeBlockCollectionViewCell.swift in Sources */,
				8986E4762369CA9C00E76224 /* Badge.swift in Sources */,
				8986E4732369CA7A00E76224 /* BadgeDetailViewController.swift in Sources */,
				896D147422A5A0FE00873D15 /* AppSingleton.swift in Sources */,
				895C0AEF253F647F002B189B /* Bag.swift in Sources */,
				89C32DFD20B5FCCA0036C151 /* TabParentViewController.swift in Sources */,
				F7C02D962B9A6EB300C6AEE2 /* AppUtility.swift in Sources */,
				896D147A22A6D1AA00873D15 /* TextFieldX.swift in Sources */,
				89DFFE4F21E96B9B0096AC3C /* Extensions.swift in Sources */,
				896D147C22A6D1AC00873D15 /* ButtonX.swift in Sources */,
				896856D2253C9CB300EB3FE6 /* AddClubViewController.swift in Sources */,
				89996EC4210A5F7B00E0E290 /* RequestViewController.swift in Sources */,
				898C2DAC22AEB50100C7815A /* PlayerUpdateTimer.swift in Sources */,
				89C32DFB20B5F4400036C151 /* MyBagTableViewController.swift in Sources */,
			);
			runOnlyForDeploymentPostprocessing = 0;
		};
		89726006245B3B2E00A85FEE /* Sources */ = {
			isa = PBXSourcesBuildPhase;
			buildActionMask = 2147483647;
			files = (
				89726014245B3B2E00A85FEE /* NotificationController.swift in Sources */,
				89726012245B3B2E00A85FEE /* ExtensionDelegate.swift in Sources */,
				89726010245B3B2E00A85FEE /* InterfaceController.swift in Sources */,
			);
			runOnlyForDeploymentPostprocessing = 0;
		};
		F7C02D992B9A723E00C6AEE2 /* Sources */ = {
			isa = PBXSourcesBuildPhase;
			buildActionMask = 2147483647;
			files = (
				F7C02DA72B9A725400C6AEE2 /* Unit_AssetTests.swift in Sources */,
				F7C02DA92B9A726300C6AEE2 /* Unit_FirestoreTests.swift in Sources */,
				F7C02DA02B9A723E00C6AEE2 /* GolfPSTests.swift in Sources */,
			);
			runOnlyForDeploymentPostprocessing = 0;
		};
		F7C02DAC2B9A728200C6AEE2 /* Sources */ = {
			isa = PBXSourcesBuildPhase;
			buildActionMask = 2147483647;
			files = (
				F7C02DBC2B9A728B00C6AEE2 /* UI_Tests.swift in Sources */,
				F7C02DBE2B9A728D00C6AEE2 /* UI_Screenshots.swift in Sources */,
				F7C02DB52B9A728200C6AEE2 /* GolfPSUITestsLaunchTests.swift in Sources */,
			);
			runOnlyForDeploymentPostprocessing = 0;
		};
/* End PBXSourcesBuildPhase section */

/* Begin PBXTargetDependency section */
		8972600D245B3B2E00A85FEE /* PBXTargetDependency */ = {
			isa = PBXTargetDependency;
			target = 89726009245B3B2E00A85FEE /* GolfPS Companion Extension */;
			targetProxy = 8972600C245B3B2E00A85FEE /* PBXContainerItemProxy */;
		};
		8972601A245B3B2F00A85FEE /* PBXTargetDependency */ = {
			isa = PBXTargetDependency;
			target = 89725FFD245B3B2C00A85FEE /* GolfPS Companion */;
			targetProxy = 89726019245B3B2F00A85FEE /* PBXContainerItemProxy */;
		};
		F7C02DA22B9A723E00C6AEE2 /* PBXTargetDependency */ = {
			isa = PBXTargetDependency;
			target = 8915E65B2088F8C800A20258 /* GolfPS */;
			targetProxy = F7C02DA12B9A723E00C6AEE2 /* PBXContainerItemProxy */;
		};
		F7C02DB72B9A728200C6AEE2 /* PBXTargetDependency */ = {
			isa = PBXTargetDependency;
			target = 8915E65B2088F8C800A20258 /* GolfPS */;
			targetProxy = F7C02DB62B9A728200C6AEE2 /* PBXContainerItemProxy */;
		};
/* End PBXTargetDependency section */

/* Begin PBXVariantGroup section */
		8915E6632088F8C800A20258 /* Main.storyboard */ = {
			isa = PBXVariantGroup;
			children = (
				8915E6642088F8C800A20258 /* Base */,
			);
			name = Main.storyboard;
			sourceTree = "<group>";
		};
		8915E6682088F8CA00A20258 /* LaunchScreen.storyboard */ = {
			isa = PBXVariantGroup;
			children = (
				8915E6692088F8CA00A20258 /* Base */,
			);
			name = LaunchScreen.storyboard;
			sourceTree = "<group>";
		};
		89726000245B3B2C00A85FEE /* Interface.storyboard */ = {
			isa = PBXVariantGroup;
			children = (
				89726001245B3B2C00A85FEE /* Base */,
			);
			name = Interface.storyboard;
			sourceTree = "<group>";
		};
/* End PBXVariantGroup section */

/* Begin XCBuildConfiguration section */
		8915E66C2088F8CA00A20258 /* Debug */ = {
			isa = XCBuildConfiguration;
			buildSettings = {
				ALWAYS_SEARCH_USER_PATHS = NO;
				CLANG_ANALYZER_NONNULL = YES;
				CLANG_ANALYZER_NUMBER_OBJECT_CONVERSION = YES_AGGRESSIVE;
				CLANG_CXX_LANGUAGE_STANDARD = "gnu++14";
				CLANG_CXX_LIBRARY = "libc++";
				CLANG_ENABLE_MODULES = YES;
				CLANG_ENABLE_OBJC_ARC = YES;
				CLANG_ENABLE_OBJC_WEAK = YES;
				CLANG_WARN_BLOCK_CAPTURE_AUTORELEASING = YES;
				CLANG_WARN_BOOL_CONVERSION = YES;
				CLANG_WARN_COMMA = YES;
				CLANG_WARN_CONSTANT_CONVERSION = YES;
				CLANG_WARN_DEPRECATED_OBJC_IMPLEMENTATIONS = YES;
				CLANG_WARN_DIRECT_OBJC_ISA_USAGE = YES_ERROR;
				CLANG_WARN_DOCUMENTATION_COMMENTS = YES;
				CLANG_WARN_EMPTY_BODY = YES;
				CLANG_WARN_ENUM_CONVERSION = YES;
				CLANG_WARN_INFINITE_RECURSION = YES;
				CLANG_WARN_INT_CONVERSION = YES;
				CLANG_WARN_NON_LITERAL_NULL_CONVERSION = YES;
				CLANG_WARN_OBJC_IMPLICIT_RETAIN_SELF = YES;
				CLANG_WARN_OBJC_LITERAL_CONVERSION = YES;
				CLANG_WARN_OBJC_ROOT_CLASS = YES_ERROR;
				CLANG_WARN_QUOTED_INCLUDE_IN_FRAMEWORK_HEADER = YES;
				CLANG_WARN_RANGE_LOOP_ANALYSIS = YES;
				CLANG_WARN_STRICT_PROTOTYPES = YES;
				CLANG_WARN_SUSPICIOUS_MOVE = YES;
				CLANG_WARN_UNGUARDED_AVAILABILITY = YES_AGGRESSIVE;
				CLANG_WARN_UNREACHABLE_CODE = YES;
				CLANG_WARN__DUPLICATE_METHOD_MATCH = YES;
				COPY_PHASE_STRIP = NO;
				ENABLE_STRICT_OBJC_MSGSEND = YES;
				GCC_C_LANGUAGE_STANDARD = gnu11;
				GCC_DYNAMIC_NO_PIC = NO;
				GCC_NO_COMMON_BLOCKS = YES;
				GCC_OPTIMIZATION_LEVEL = 0;
				GCC_PREPROCESSOR_DEFINITIONS = (
					"DEBUG=1",
					"$(inherited)",
				);
				GCC_WARN_64_TO_32_BIT_CONVERSION = YES;
				GCC_WARN_ABOUT_RETURN_TYPE = YES_ERROR;
				GCC_WARN_UNDECLARED_SELECTOR = YES;
				GCC_WARN_UNINITIALIZED_AUTOS = YES_AGGRESSIVE;
				GCC_WARN_UNUSED_FUNCTION = YES;
				GCC_WARN_UNUSED_VARIABLE = YES;
				MTL_ENABLE_DEBUG_INFO = YES;
				ONLY_ACTIVE_ARCH = YES;
				SDKROOT = iphoneos;
				SWIFT_ACTIVE_COMPILATION_CONDITIONS = DEBUG;
				SWIFT_OPTIMIZATION_LEVEL = "-Onone";
			};
			name = Debug;
		};
		8915E66D2088F8CA00A20258 /* Release */ = {
			isa = XCBuildConfiguration;
			buildSettings = {
				ALWAYS_SEARCH_USER_PATHS = NO;
				CLANG_ANALYZER_NONNULL = YES;
				CLANG_ANALYZER_NUMBER_OBJECT_CONVERSION = YES_AGGRESSIVE;
				CLANG_CXX_LANGUAGE_STANDARD = "gnu++14";
				CLANG_CXX_LIBRARY = "libc++";
				CLANG_ENABLE_MODULES = YES;
				CLANG_ENABLE_OBJC_ARC = YES;
				CLANG_ENABLE_OBJC_WEAK = YES;
				CLANG_WARN_BLOCK_CAPTURE_AUTORELEASING = YES;
				CLANG_WARN_BOOL_CONVERSION = YES;
				CLANG_WARN_COMMA = YES;
				CLANG_WARN_CONSTANT_CONVERSION = YES;
				CLANG_WARN_DEPRECATED_OBJC_IMPLEMENTATIONS = YES;
				CLANG_WARN_DIRECT_OBJC_ISA_USAGE = YES_ERROR;
				CLANG_WARN_DOCUMENTATION_COMMENTS = YES;
				CLANG_WARN_EMPTY_BODY = YES;
				CLANG_WARN_ENUM_CONVERSION = YES;
				CLANG_WARN_INFINITE_RECURSION = YES;
				CLANG_WARN_INT_CONVERSION = YES;
				CLANG_WARN_NON_LITERAL_NULL_CONVERSION = YES;
				CLANG_WARN_OBJC_IMPLICIT_RETAIN_SELF = YES;
				CLANG_WARN_OBJC_LITERAL_CONVERSION = YES;
				CLANG_WARN_OBJC_ROOT_CLASS = YES_ERROR;
				CLANG_WARN_QUOTED_INCLUDE_IN_FRAMEWORK_HEADER = YES;
				CLANG_WARN_RANGE_LOOP_ANALYSIS = YES;
				CLANG_WARN_STRICT_PROTOTYPES = YES;
				CLANG_WARN_SUSPICIOUS_MOVE = YES;
				CLANG_WARN_UNGUARDED_AVAILABILITY = YES_AGGRESSIVE;
				CLANG_WARN_UNREACHABLE_CODE = YES;
				CLANG_WARN__DUPLICATE_METHOD_MATCH = YES;
				COPY_PHASE_STRIP = NO;
				ENABLE_NS_ASSERTIONS = NO;
				ENABLE_STRICT_OBJC_MSGSEND = YES;
				GCC_C_LANGUAGE_STANDARD = gnu11;
				GCC_NO_COMMON_BLOCKS = YES;
				GCC_WARN_64_TO_32_BIT_CONVERSION = YES;
				GCC_WARN_ABOUT_RETURN_TYPE = YES_ERROR;
				GCC_WARN_UNDECLARED_SELECTOR = YES;
				GCC_WARN_UNINITIALIZED_AUTOS = YES_AGGRESSIVE;
				GCC_WARN_UNUSED_FUNCTION = YES;
				GCC_WARN_UNUSED_VARIABLE = YES;
				MTL_ENABLE_DEBUG_INFO = NO;
				SDKROOT = iphoneos;
				SWIFT_COMPILATION_MODE = wholemodule;
				SWIFT_OPTIMIZATION_LEVEL = "-O";
			};
			name = Release;
		};
		8915E66F2088F8CA00A20258 /* Debug */ = {
			isa = XCBuildConfiguration;
			baseConfigurationReference = 1DC83D54EA0D2343C22DF4B6 /* Pods-GolfPS.debug.xcconfig */;
			buildSettings = {
				ASSETCATALOG_COMPILER_APPICON_NAME = AppIcon;
				CODE_SIGN_ENTITLEMENTS = GolfPS/GolfPS.entitlements;
				CODE_SIGN_STYLE = Automatic;
				CURRENT_PROJECT_VERSION = 4;
				DEBUG_INFORMATION_FORMAT = "dwarf-with-dsym";
				DEVELOPMENT_TEAM = JJEJU2G45A;
				INFOPLIST_FILE = "$(SRCROOT)/GolfPS/Info.plist";
				INFOPLIST_KEY_LSApplicationCategoryType = "public.app-category.sports";
				IPHONEOS_DEPLOYMENT_TARGET = 14.0;
				LD_RUNPATH_SEARCH_PATHS = (
					"$(inherited)",
					"@executable_path/Frameworks",
				);
				MARKETING_VERSION = 1.4;
				PRODUCT_BUNDLE_IDENTIFIER = com.dejongdevelopment.golfps;
				PRODUCT_NAME = "$(TARGET_NAME)";
				SWIFT_VERSION = 5.0;
				TARGETED_DEVICE_FAMILY = "1,2";
			};
			name = Debug;
		};
		8915E6702088F8CA00A20258 /* Release */ = {
			isa = XCBuildConfiguration;
			baseConfigurationReference = DF7AD519DDB461F93E57B4E8 /* Pods-GolfPS.release.xcconfig */;
			buildSettings = {
				ASSETCATALOG_COMPILER_APPICON_NAME = AppIcon;
				CODE_SIGN_ENTITLEMENTS = GolfPS/GolfPS.entitlements;
				CODE_SIGN_STYLE = Automatic;
				CURRENT_PROJECT_VERSION = 4;
				DEVELOPMENT_TEAM = JJEJU2G45A;
				INFOPLIST_FILE = "$(SRCROOT)/GolfPS/Info.plist";
				INFOPLIST_KEY_LSApplicationCategoryType = "public.app-category.sports";
				IPHONEOS_DEPLOYMENT_TARGET = 14.0;
				LD_RUNPATH_SEARCH_PATHS = (
					"$(inherited)",
					"@executable_path/Frameworks",
				);
				MARKETING_VERSION = 1.4;
				PRODUCT_BUNDLE_IDENTIFIER = com.dejongdevelopment.golfps;
				PRODUCT_NAME = "$(TARGET_NAME)";
				SWIFT_VERSION = 5.0;
				TARGETED_DEVICE_FAMILY = "1,2";
			};
			name = Release;
		};
		8972601D245B3B2F00A85FEE /* Debug */ = {
			isa = XCBuildConfiguration;
			buildSettings = {
				ALWAYS_EMBED_SWIFT_STANDARD_LIBRARIES = YES;
				ASSETCATALOG_COMPILER_APPICON_NAME = AppIcon;
				CODE_SIGN_STYLE = Automatic;
				CURRENT_PROJECT_VERSION = 4;
				DEVELOPMENT_TEAM = JJEJU2G45A;
				IBSC_MODULE = GolfPS_Companion_Extension;
				INFOPLIST_FILE = "GolfPS Companion/Info.plist";
				MARKETING_VERSION = 1.4;
				MTL_ENABLE_DEBUG_INFO = INCLUDE_SOURCE;
				MTL_FAST_MATH = YES;
				PRODUCT_BUNDLE_IDENTIFIER = com.dejongdevelopment.golfps.watchkitapp;
				PRODUCT_NAME = "$(TARGET_NAME)";
				SDKROOT = watchos;
				SKIP_INSTALL = YES;
				SWIFT_VERSION = 5.0;
				TARGETED_DEVICE_FAMILY = 4;
				WATCHOS_DEPLOYMENT_TARGET = 6.2;
			};
			name = Debug;
		};
		8972601E245B3B2F00A85FEE /* Release */ = {
			isa = XCBuildConfiguration;
			buildSettings = {
				ALWAYS_EMBED_SWIFT_STANDARD_LIBRARIES = YES;
				ASSETCATALOG_COMPILER_APPICON_NAME = AppIcon;
				CODE_SIGN_STYLE = Automatic;
				CURRENT_PROJECT_VERSION = 4;
				DEVELOPMENT_TEAM = JJEJU2G45A;
				IBSC_MODULE = GolfPS_Companion_Extension;
				INFOPLIST_FILE = "GolfPS Companion/Info.plist";
				MARKETING_VERSION = 1.4;
				MTL_FAST_MATH = YES;
				PRODUCT_BUNDLE_IDENTIFIER = com.dejongdevelopment.golfps.watchkitapp;
				PRODUCT_NAME = "$(TARGET_NAME)";
				SDKROOT = watchos;
				SKIP_INSTALL = YES;
				SWIFT_VERSION = 5.0;
				TARGETED_DEVICE_FAMILY = 4;
				WATCHOS_DEPLOYMENT_TARGET = 6.2;
			};
			name = Release;
		};
		89726020245B3B2F00A85FEE /* Debug */ = {
			isa = XCBuildConfiguration;
			buildSettings = {
				ASSETCATALOG_COMPILER_COMPLICATION_NAME = Complication;
				CODE_SIGN_STYLE = Automatic;
				CURRENT_PROJECT_VERSION = 4;
				DEVELOPMENT_TEAM = JJEJU2G45A;
				INFOPLIST_FILE = "GolfPS Companion Extension/Info.plist";
				LD_RUNPATH_SEARCH_PATHS = (
					"$(inherited)",
					"@executable_path/Frameworks",
					"@executable_path/../../Frameworks",
				);
				MARKETING_VERSION = 1.4;
				MTL_ENABLE_DEBUG_INFO = INCLUDE_SOURCE;
				MTL_FAST_MATH = YES;
				PRODUCT_BUNDLE_IDENTIFIER = com.dejongdevelopment.golfps.watchkitapp.watchkitextension;
				PRODUCT_NAME = "${TARGET_NAME}";
				SDKROOT = watchos;
				SKIP_INSTALL = YES;
				SWIFT_VERSION = 5.0;
				TARGETED_DEVICE_FAMILY = 4;
				WATCHOS_DEPLOYMENT_TARGET = 6.2;
			};
			name = Debug;
		};
		89726021245B3B2F00A85FEE /* Release */ = {
			isa = XCBuildConfiguration;
			buildSettings = {
				ASSETCATALOG_COMPILER_COMPLICATION_NAME = Complication;
				CODE_SIGN_STYLE = Automatic;
				CURRENT_PROJECT_VERSION = 4;
				DEVELOPMENT_TEAM = JJEJU2G45A;
				INFOPLIST_FILE = "GolfPS Companion Extension/Info.plist";
				LD_RUNPATH_SEARCH_PATHS = (
					"$(inherited)",
					"@executable_path/Frameworks",
					"@executable_path/../../Frameworks",
				);
				MARKETING_VERSION = 1.4;
				MTL_FAST_MATH = YES;
				PRODUCT_BUNDLE_IDENTIFIER = com.dejongdevelopment.golfps.watchkitapp.watchkitextension;
				PRODUCT_NAME = "${TARGET_NAME}";
				SDKROOT = watchos;
				SKIP_INSTALL = YES;
				SWIFT_VERSION = 5.0;
				TARGETED_DEVICE_FAMILY = 4;
				WATCHOS_DEPLOYMENT_TARGET = 6.2;
			};
			name = Release;
		};
		F7C02DA42B9A723E00C6AEE2 /* Debug */ = {
			isa = XCBuildConfiguration;
			baseConfigurationReference = DA555DCB97632F9DA9B7AD72 /* Pods-GolfPSTests.debug.xcconfig */;
			buildSettings = {
				ASSETCATALOG_COMPILER_GENERATE_SWIFT_ASSET_SYMBOL_EXTENSIONS = YES;
				BUNDLE_LOADER = "$(TEST_HOST)";
				CLANG_CXX_LANGUAGE_STANDARD = "gnu++20";
				CODE_SIGN_STYLE = Automatic;
				CURRENT_PROJECT_VERSION = 1;
				DEBUG_INFORMATION_FORMAT = dwarf;
				DEVELOPMENT_TEAM = JJEJU2G45A;
				ENABLE_TESTABILITY = YES;
				ENABLE_USER_SCRIPT_SANDBOXING = YES;
				GCC_C_LANGUAGE_STANDARD = gnu17;
				GENERATE_INFOPLIST_FILE = YES;
				IPHONEOS_DEPLOYMENT_TARGET = 17.2;
				LOCALIZATION_PREFERS_STRING_CATALOGS = YES;
				MARKETING_VERSION = 1.0;
				MTL_ENABLE_DEBUG_INFO = INCLUDE_SOURCE;
				MTL_FAST_MATH = YES;
				PRODUCT_BUNDLE_IDENTIFIER = dejongdevelopment.GolfPSTests;
				PRODUCT_NAME = "$(TARGET_NAME)";
				SWIFT_ACTIVE_COMPILATION_CONDITIONS = "DEBUG $(inherited)";
				SWIFT_EMIT_LOC_STRINGS = NO;
				SWIFT_VERSION = 5.0;
				TARGETED_DEVICE_FAMILY = "1,2";
				TEST_HOST = "$(BUILT_PRODUCTS_DIR)/GolfPS.app/$(BUNDLE_EXECUTABLE_FOLDER_PATH)/GolfPS";
			};
			name = Debug;
		};
		F7C02DA52B9A723E00C6AEE2 /* Release */ = {
			isa = XCBuildConfiguration;
			baseConfigurationReference = 5C8721E8AF28D167FA7BAA41 /* Pods-GolfPSTests.release.xcconfig */;
			buildSettings = {
				ASSETCATALOG_COMPILER_GENERATE_SWIFT_ASSET_SYMBOL_EXTENSIONS = YES;
				BUNDLE_LOADER = "$(TEST_HOST)";
				CLANG_CXX_LANGUAGE_STANDARD = "gnu++20";
				CODE_SIGN_STYLE = Automatic;
				CURRENT_PROJECT_VERSION = 1;
				DEBUG_INFORMATION_FORMAT = "dwarf-with-dsym";
				DEVELOPMENT_TEAM = JJEJU2G45A;
				ENABLE_USER_SCRIPT_SANDBOXING = YES;
				GCC_C_LANGUAGE_STANDARD = gnu17;
				GENERATE_INFOPLIST_FILE = YES;
				IPHONEOS_DEPLOYMENT_TARGET = 17.2;
				LOCALIZATION_PREFERS_STRING_CATALOGS = YES;
				MARKETING_VERSION = 1.0;
				MTL_FAST_MATH = YES;
				PRODUCT_BUNDLE_IDENTIFIER = dejongdevelopment.GolfPSTests;
				PRODUCT_NAME = "$(TARGET_NAME)";
				SWIFT_EMIT_LOC_STRINGS = NO;
				SWIFT_VERSION = 5.0;
				TARGETED_DEVICE_FAMILY = "1,2";
				TEST_HOST = "$(BUILT_PRODUCTS_DIR)/GolfPS.app/$(BUNDLE_EXECUTABLE_FOLDER_PATH)/GolfPS";
				VALIDATE_PRODUCT = YES;
			};
			name = Release;
		};
		F7C02DB92B9A728200C6AEE2 /* Debug */ = {
			isa = XCBuildConfiguration;
			buildSettings = {
				ASSETCATALOG_COMPILER_GENERATE_SWIFT_ASSET_SYMBOL_EXTENSIONS = YES;
				CLANG_CXX_LANGUAGE_STANDARD = "gnu++20";
				CODE_SIGN_STYLE = Automatic;
				CURRENT_PROJECT_VERSION = 1;
				DEBUG_INFORMATION_FORMAT = dwarf;
				DEVELOPMENT_TEAM = JJEJU2G45A;
				ENABLE_TESTABILITY = YES;
				ENABLE_USER_SCRIPT_SANDBOXING = YES;
				GCC_C_LANGUAGE_STANDARD = gnu17;
				GENERATE_INFOPLIST_FILE = YES;
				IPHONEOS_DEPLOYMENT_TARGET = 17.2;
				LOCALIZATION_PREFERS_STRING_CATALOGS = YES;
				MARKETING_VERSION = 1.0;
				MTL_ENABLE_DEBUG_INFO = INCLUDE_SOURCE;
				MTL_FAST_MATH = YES;
				PRODUCT_BUNDLE_IDENTIFIER = dejongdevelopment.GolfPSUITests;
				PRODUCT_NAME = "$(TARGET_NAME)";
				SWIFT_ACTIVE_COMPILATION_CONDITIONS = "DEBUG $(inherited)";
				SWIFT_EMIT_LOC_STRINGS = NO;
				SWIFT_VERSION = 5.0;
				TARGETED_DEVICE_FAMILY = "1,2";
				TEST_TARGET_NAME = GolfPS;
			};
			name = Debug;
		};
		F7C02DBA2B9A728200C6AEE2 /* Release */ = {
			isa = XCBuildConfiguration;
			buildSettings = {
				ASSETCATALOG_COMPILER_GENERATE_SWIFT_ASSET_SYMBOL_EXTENSIONS = YES;
				CLANG_CXX_LANGUAGE_STANDARD = "gnu++20";
				CODE_SIGN_STYLE = Automatic;
				CURRENT_PROJECT_VERSION = 1;
				DEBUG_INFORMATION_FORMAT = "dwarf-with-dsym";
				DEVELOPMENT_TEAM = JJEJU2G45A;
				ENABLE_USER_SCRIPT_SANDBOXING = YES;
				GCC_C_LANGUAGE_STANDARD = gnu17;
				GENERATE_INFOPLIST_FILE = YES;
				IPHONEOS_DEPLOYMENT_TARGET = 17.2;
				LOCALIZATION_PREFERS_STRING_CATALOGS = YES;
				MARKETING_VERSION = 1.0;
				MTL_FAST_MATH = YES;
				PRODUCT_BUNDLE_IDENTIFIER = dejongdevelopment.GolfPSUITests;
				PRODUCT_NAME = "$(TARGET_NAME)";
				SWIFT_EMIT_LOC_STRINGS = NO;
				SWIFT_VERSION = 5.0;
				TARGETED_DEVICE_FAMILY = "1,2";
				TEST_TARGET_NAME = GolfPS;
				VALIDATE_PRODUCT = YES;
			};
			name = Release;
		};
/* End XCBuildConfiguration section */

/* Begin XCConfigurationList section */
		8915E6572088F8C800A20258 /* Build configuration list for PBXProject "GolfPS" */ = {
			isa = XCConfigurationList;
			buildConfigurations = (
				8915E66C2088F8CA00A20258 /* Debug */,
				8915E66D2088F8CA00A20258 /* Release */,
			);
			defaultConfigurationIsVisible = 0;
			defaultConfigurationName = Release;
		};
		8915E66E2088F8CA00A20258 /* Build configuration list for PBXNativeTarget "GolfPS" */ = {
			isa = XCConfigurationList;
			buildConfigurations = (
				8915E66F2088F8CA00A20258 /* Debug */,
				8915E6702088F8CA00A20258 /* Release */,
			);
			defaultConfigurationIsVisible = 0;
			defaultConfigurationName = Release;
		};
		89726022245B3B2F00A85FEE /* Build configuration list for PBXNativeTarget "GolfPS Companion Extension" */ = {
			isa = XCConfigurationList;
			buildConfigurations = (
				89726020245B3B2F00A85FEE /* Debug */,
				89726021245B3B2F00A85FEE /* Release */,
			);
			defaultConfigurationIsVisible = 0;
			defaultConfigurationName = Release;
		};
		89726023245B3B2F00A85FEE /* Build configuration list for PBXNativeTarget "GolfPS Companion" */ = {
			isa = XCConfigurationList;
			buildConfigurations = (
				8972601D245B3B2F00A85FEE /* Debug */,
				8972601E245B3B2F00A85FEE /* Release */,
			);
			defaultConfigurationIsVisible = 0;
			defaultConfigurationName = Release;
		};
		F7C02DA32B9A723E00C6AEE2 /* Build configuration list for PBXNativeTarget "GolfPSTests" */ = {
			isa = XCConfigurationList;
			buildConfigurations = (
				F7C02DA42B9A723E00C6AEE2 /* Debug */,
				F7C02DA52B9A723E00C6AEE2 /* Release */,
			);
			defaultConfigurationIsVisible = 0;
			defaultConfigurationName = Release;
		};
		F7C02DB82B9A728200C6AEE2 /* Build configuration list for PBXNativeTarget "GolfPSUITests" */ = {
			isa = XCConfigurationList;
			buildConfigurations = (
				F7C02DB92B9A728200C6AEE2 /* Debug */,
				F7C02DBA2B9A728200C6AEE2 /* Release */,
			);
			defaultConfigurationIsVisible = 0;
			defaultConfigurationName = Release;
		};
/* End XCConfigurationList section */
	};
	rootObject = 8915E6542088F8C800A20258 /* Project object */;
}
